
Microsoft Visual Studio Solution File, Format Version 12.00
# Visual Studio 15
VisualStudioVersion = 15.0.28307.779
MinimumVisualStudioVersion = 10.0.40219.1
Project("{E24C65DC-7377-472B-9ABA-BC803B73C61A}") = "CRUD1", "CRUD1\", "{47E1D810-2C72-4810-A1CA-6279196FC3B7}"
	ProjectSection(WebsiteProperties) = preProject
		TargetFrameworkMoniker = ".NETFramework,Version%3Dv4.6.1"
		Debug.AspNetCompiler.VirtualPath = "/localhost_52471"
		Debug.AspNetCompiler.PhysicalPath = "CRUD1\"
		Debug.AspNetCompiler.TargetPath = "PrecompiledWeb\localhost_52471\"
		Debug.AspNetCompiler.Updateable = "true"
		Debug.AspNetCompiler.ForceOverwrite = "true"
		Debug.AspNetCompiler.FixedNames = "false"
		Debug.AspNetCompiler.Debug = "True"
		Release.AspNetCompiler.VirtualPath = "/localhost_52471"
		Release.AspNetCompiler.PhysicalPath = "CRUD1\"
		Release.AspNetCompiler.TargetPath = "PrecompiledWeb\localhost_52471\"
		Release.AspNetCompiler.Updateable = "true"
		Release.AspNetCompiler.ForceOverwrite = "true"
		Release.AspNetCompiler.FixedNames = "false"
		Release.AspNetCompiler.Debug = "False"
		VWDPort = "52471"
		SlnRelativePath = "CRUD1\"
		DefaultWebSiteLanguage = "Visual C#"
	EndProjectSection
EndProject
Global
	GlobalSection(SolutionConfigurationPlatforms) = preSolution
		Debug|Any CPU = Debug|Any CPU
	EndGlobalSection
	GlobalSection(ProjectConfigurationPlatforms) = postSolution
		{47E1D810-2C72-4810-A1CA-6279196FC3B7}.Debug|Any CPU.ActiveCfg = Debug|Any CPU
		{47E1D810-2C72-4810-A1CA-6279196FC3B7}.Debug|Any CPU.Build.0 = Debug|Any CPU
	EndGlobalSection
	GlobalSection(SolutionProperties) = preSolution
		HideSolutionNode = FALSE
	EndGlobalSection
	GlobalSection(ExtensibilityGlobals) = postSolution
		SolutionGuid = {2B8772A7-A064-4E7F-A37F-EF18502E8492}
	EndGlobalSection
EndGlobal
